<?xml version="1.0" encoding="utf-8"?>
<Project ToolsVersion="4.0" xmlns="http://schemas.microsoft.com/developer/msbuild/2003">
  <ItemGroup>
    <Filter Include="Source Files">
      <UniqueIdentifier>{4FC737F1-C7A5-4376-A066-2A32D752A2FF}</UniqueIdentifier>
      <Extensions>cpp;c;cc;cxx;def;odl;idl;hpj;bat;asm;asmx</Extensions>
    </Filter>
    <Filter Include="Header Files">
      <UniqueIdentifier>{93995380-89BD-4b04-88EB-625FBE52EBFB}</UniqueIdentifier>
      <Extensions>h;hh;hpp;hxx;hm;inl;inc;xsd</Extensions>
    </Filter>
    <Filter Include="Resource Files">
      <UniqueIdentifier>{67DA6AB6-F800-4c08-8B7A-83BB121AAD01}</UniqueIdentifier>
      <Extensions>rc;ico;cur;bmp;dlg;rc2;rct;bin;rgs;gif;jpg;jpeg;jpe;resx;tiff;tif;png;wav;mfcribbon-ms</Extensions>
    </Filter>
  </ItemGroup>
  <ItemGroup>
    <None Include="tools\build\moshe-set-grub.bat">
      <Filter>Source Files</Filter>
    </None>
    <None Include="tools\build\build.bat">
      <Filter>Source Files</Filter>
    </None>
    <None Include="tools\build\build.sh" />
    <None Include="tools\build\buildall_and_run.bat">
      <Filter>Source Files</Filter>
    </None>
    <None Include="tools\build\linker.ld" />
    <None Include="tools\os-tools\imdiskinst_2.0.0.exe" />
    <None Include="tools\os-tools\dd\dd.exe" />
    <None Include="moshe-boot\grub\grub_disk.img" />
    <None Include="moshe-boot\grub\menu.cfg" />
    <None Include="moshe-system\kernel\kernel_loader.asm">
      <Filter>Source Files</Filter>
    </None>
    <None Include="make.bat">
      <Filter>Source Files</Filter>
    </None>
    <None Include="make.mak" />
    <None Include="make_sh.sh" />
  </ItemGroup>
  <ItemGroup>
    <Object Include="tools\build\out\main.o" />
  </ItemGroup>
  <ItemGroup>
    <ClCompile Include="moshe-system\kernel\moshe-main.cpp">
      <Filter>Source Files</Filter>
    </ClCompile>
    <ClCompile Include="moshe-system\libraries\lib\string\string.cpp">
      <Filter>Source Files</Filter>
    </ClCompile>
    <ClCompile Include="moshe-system\libraries\lib\conv\istr.cpp">
      <Filter>Source Files</Filter>
    </ClCompile>
    <ClCompile Include="moshe-system\libraries\lib\debug\terminal.cpp">
      <Filter>Source Files</Filter>
    </ClCompile>
  </ItemGroup>
  <ItemGroup>
    <ClInclude Include="moshe-system\libraries\include\string\string.h">
      <Filter>Header Files</Filter>
    </ClInclude>
    <ClInclude Include="moshe-system\libraries\include\type\size_t.h">
      <Filter>Header Files</Filter>
    </ClInclude>
    <ClInclude Include="moshe-system\libraries\include\type\null.h">
      <Filter>Header Files</Filter>
    </ClInclude>
    <ClInclude Include="moshe-system\libraries\include\type\ctype.h">
      <Filter>Header Files</Filter>
    </ClInclude>
    <ClInclude Include="moshe-system\libraries\include\va_list.h">
      <Filter>Header Files</Filter>
    </ClInclude>
    <ClInclude Include="moshe-system\libraries\include\stdarg.h">
      <Filter>Header Files</Filter>
    </ClInclude>
    <ClInclude Include="moshe-system\libraries\include\type\stdint.h">
      <Filter>Header Files</Filter>
    </ClInclude>
    <ClInclude Include="moshe-system\libraries\include\defs\video.h">
      <Filter>Header Files</Filter>
    </ClInclude>
    <ClInclude Include="moshe-system\libraries\include\stdlib.h">
      <Filter>Header Files</Filter>
    </ClInclude>
    <ClInclude Include="moshe-system\libraries\include\debug\terminal.h">
      <Filter>Header Files</Filter>
    </ClInclude>
  </ItemGroup>
</Project>